
Microsoft Visual Studio Solution File, Format Version 12.00
# Visual Studio Version 17
VisualStudioVersion = 17.7.34202.233
MinimumVisualStudioVersion = 10.0.40219.1
Project("{FAE04EC0-301F-11D3-BF4B-00C04F79EFBC}") = "Library Management", "Library Management\Library Management.csproj", "{152D3B7E-5AA7-46BA-A928-9CD213A4E543}"
EndProject
Global
	GlobalSection(SolutionConfigurationPlatforms) = preSolution
		Debug|Any CPU = Debug|Any CPU
		Release|Any CPU = Release|Any CPU
	EndGlobalSection
	GlobalSection(ProjectConfigurationPlatforms) = postSolution
		{152D3B7E-5AA7-46BA-A928-9CD213A4E543}.Debug|Any CPU.ActiveCfg = Debug|Any CPU
		{152D3B7E-5AA7-46BA-A928-9CD213A4E543}.Debug|Any CPU.Build.0 = Debug|Any CPU
		{152D3B7E-5AA7-46BA-A928-9CD213A4E543}.Release|Any CPU.ActiveCfg = Release|Any CPU
		{152D3B7E-5AA7-46BA-A928-9CD213A4E543}.Release|Any CPU.Build.0 = Release|Any CPU
	EndGlobalSection
	GlobalSection(SolutionProperties) = preSolution
		HideSolutionNode = FALSE
	EndGlobalSection
	GlobalSection(ExtensibilityGlobals) = postSolution
		SolutionGuid = {1DF16A84-20D3-4655-855F-AE1F9F317164}
	EndGlobalSection
EndGlobal
